
Microsoft Visual Studio Solution File, Format Version 12.00
# Visual Studio 15
VisualStudioVersion = 15.0.27130.2010
MinimumVisualStudioVersion = 10.0.40219.1
Project("{FAE04EC0-301F-11D3-BF4B-00C04F79EFBC}") = "GridExercise2.Android", "GridExercise2\GridExercise2.Android\GridExercise2.Android.csproj", "{8D32FC68-2C63-4AAB-9571-78CDBCC47684}"
EndProject
Project("{FAE04EC0-301F-11D3-BF4B-00C04F79EFBC}") = "GridExercise2.iOS", "GridExercise2\GridExercise2.iOS\GridExercise2.iOS.csproj", "{AD5E1792-8CA9-49CC-B303-42948FD945F5}"
EndProject
Project("{FAE04EC0-301F-11D3-BF4B-00C04F79EFBC}") = "GridExercise2.UWP", "GridExercise2\GridExercise2.UWP\GridExercise2.UWP.csproj", "{6082129F-E28F-41DB-A503-11FF6793E885}"
EndProject
Project("{FAE04EC0-301F-11D3-BF4B-00C04F79EFBC}") = "GridExercise2", "GridExercise2\GridExercise2\GridExercise2.csproj", "{AE9284EB-E8D6-42B2-BD10-5053C43738F1}"
EndProject
Global
	GlobalSection(SolutionConfigurationPlatforms) = preSolution
		Ad-Hoc|Any CPU = Ad-Hoc|Any CPU
		Ad-Hoc|ARM = Ad-Hoc|ARM
		Ad-Hoc|iPhone = Ad-Hoc|iPhone
		Ad-Hoc|iPhoneSimulator = Ad-Hoc|iPhoneSimulator
		Ad-Hoc|x64 = Ad-Hoc|x64
		Ad-Hoc|x86 = Ad-Hoc|x86
		AppStore|Any CPU = AppStore|Any CPU
		AppStore|ARM = AppStore|ARM
		AppStore|iPhone = AppStore|iPhone
		AppStore|iPhoneSimulator = AppStore|iPhoneSimulator
		AppStore|x64 = AppStore|x64
		AppStore|x86 = AppStore|x86
		Debug|Any CPU = Debug|Any CPU
		Debug|ARM = Debug|ARM
		Debug|iPhone = Debug|iPhone
		Debug|iPhoneSimulator = Debug|iPhoneSimulator
		Debug|x64 = Debug|x64
		Debug|x86 = Debug|x86
		Release|Any CPU = Release|Any CPU
		Release|ARM = Release|ARM
		Release|iPhone = Release|iPhone
		Release|iPhoneSimulator = Release|iPhoneSimulator
		Release|x64 = Release|x64
		Release|x86 = Release|x86
	EndGlobalSection
	GlobalSection(ProjectConfigurationPlatforms) = postSolution
		{8D32FC68-2C63-4AAB-9571-78CDBCC47684}.Ad-Hoc|Any CPU.ActiveCfg = Release|Any CPU
		{8D32FC68-2C63-4AAB-9571-78CDBCC47684}.Ad-Hoc|Any CPU.Build.0 = Release|Any CPU
		{8D32FC68-2C63-4AAB-9571-78CDBCC47684}.Ad-Hoc|Any CPU.Deploy.0 = Release|Any CPU
		{8D32FC68-2C63-4AAB-9571-78CDBCC47684}.Ad-Hoc|ARM.ActiveCfg = Release|Any CPU
		{8D32FC68-2C63-4AAB-9571-78CDBCC47684}.Ad-Hoc|ARM.Build.0 = Release|Any CPU
		{8D32FC68-2C63-4AAB-9571-78CDBCC47684}.Ad-Hoc|ARM.Deploy.0 = Release|Any CPU
		{8D32FC68-2C63-4AAB-9571-78CDBCC47684}.Ad-Hoc|iPhone.ActiveCfg = Release|Any CPU
		{8D32FC68-2C63-4AAB-9571-78CDBCC47684}.Ad-Hoc|iPhone.Build.0 = Release|Any CPU
		{8D32FC68-2C63-4AAB-9571-78CDBCC47684}.Ad-Hoc|iPhone.Deploy.0 = Release|Any CPU
		{8D32FC68-2C63-4AAB-9571-78CDBCC47684}.Ad-Hoc|iPhoneSimulator.ActiveCfg = Release|Any CPU
		{8D32FC68-2C63-4AAB-9571-78CDBCC47684}.Ad-Hoc|iPhoneSimulator.Build.0 = Release|Any CPU
		{8D32FC68-2C63-4AAB-9571-78CDBCC47684}.Ad-Hoc|iPhoneSimulator.Deploy.0 = Release|Any CPU
		{8D32FC68-2C63-4AAB-9571-78CDBCC47684}.Ad-Hoc|x64.ActiveCfg = Release|Any CPU
		{8D32FC68-2C63-4AAB-9571-78CDBCC47684}.Ad-Hoc|x64.Build.0 = Release|Any CPU
		{8D32FC68-2C63-4AAB-9571-78CDBCC47684}.Ad-Hoc|x64.Deploy.0 = Release|Any CPU
		{8D32FC68-2C63-4AAB-9571-78CDBCC47684}.Ad-Hoc|x86.ActiveCfg = Release|Any CPU
		{8D32FC68-2C63-4AAB-9571-78CDBCC47684}.Ad-Hoc|x86.Build.0 = Release|Any CPU
		{8D32FC68-2C63-4AAB-9571-78CDBCC47684}.Ad-Hoc|x86.Deploy.0 = Release|Any CPU
		{8D32FC68-2C63-4AAB-9571-78CDBCC47684}.AppStore|Any CPU.ActiveCfg = Release|Any CPU
		{8D32FC68-2C63-4AAB-9571-78CDBCC47684}.AppStore|Any CPU.Build.0 = Release|Any CPU
		{8D32FC68-2C63-4AAB-9571-78CDBCC47684}.AppStore|Any CPU.Deploy.0 = Release|Any CPU
		{8D32FC68-2C63-4AAB-9571-78CDBCC47684}.AppStore|ARM.ActiveCfg = Release|Any CPU
		{8D32FC68-2C63-4AAB-9571-78CDBCC47684}.AppStore|ARM.Build.0 = Release|Any CPU
		{8D32FC68-2C63-4AAB-9571-78CDBCC47684}.AppStore|ARM.Deploy.0 = Release|Any CPU
		{8D32FC68-2C63-4AAB-9571-78CDBCC47684}.AppStore|iPhone.ActiveCfg = Release|Any CPU
		{8D32FC68-2C63-4AAB-9571-78CDBCC47684}.AppStore|iPhone.Build.0 = Release|Any CPU
		{8D32FC68-2C63-4AAB-9571-78CDBCC47684}.AppStore|iPhone.Deploy.0 = Release|Any CPU
		{8D32FC68-2C63-4AAB-9571-78CDBCC47684}.AppStore|iPhoneSimulator.ActiveCfg = Release|Any CPU
		{8D32FC68-2C63-4AAB-9571-78CDBCC47684}.AppStore|iPhoneSimulator.Build.0 = Release|Any CPU
		{8D32FC68-2C63-4AAB-9571-78CDBCC47684}.AppStore|iPhoneSimulator.Deploy.0 = Release|Any CPU
		{8D32FC68-2C63-4AAB-9571-78CDBCC47684}.AppStore|x64.ActiveCfg = Release|Any CPU
		{8D32FC68-2C63-4AAB-9571-78CDBCC47684}.AppStore|x64.Build.0 = Release|Any CPU
		{8D32FC68-2C63-4AAB-9571-78CDBCC47684}.AppStore|x64.Deploy.0 = Release|Any CPU
		{8D32FC68-2C63-4AAB-9571-78CDBCC47684}.AppStore|x86.ActiveCfg = Release|Any CPU
		{8D32FC68-2C63-4AAB-9571-78CDBCC47684}.AppStore|x86.Build.0 = Release|Any CPU
		{8D32FC68-2C63-4AAB-9571-78CDBCC47684}.AppStore|x86.Deploy.0 = Release|Any CPU
		{8D32FC68-2C63-4AAB-9571-78CDBCC47684}.Debug|Any CPU.ActiveCfg = Debug|Any CPU
		{8D32FC68-2C63-4AAB-9571-78CDBCC47684}.Debug|Any CPU.Build.0 = Debug|Any CPU
		{8D32FC68-2C63-4AAB-9571-78CDBCC47684}.Debug|Any CPU.Deploy.0 = Debug|Any CPU
		{8D32FC68-2C63-4AAB-9571-78CDBCC47684}.Debug|ARM.ActiveCfg = Debug|Any CPU
		{8D32FC68-2C63-4AAB-9571-78CDBCC47684}.Debug|ARM.Build.0 = Debug|Any CPU
		{8D32FC68-2C63-4AAB-9571-78CDBCC47684}.Debug|ARM.Deploy.0 = Debug|Any CPU
		{8D32FC68-2C63-4AAB-9571-78CDBCC47684}.Debug|iPhone.ActiveCfg = Debug|Any CPU
		{8D32FC68-2C63-4AAB-9571-78CDBCC47684}.Debug|iPhone.Build.0 = Debug|Any CPU
		{8D32FC68-2C63-4AAB-9571-78CDBCC47684}.Debug|iPhone.Deploy.0 = Debug|Any CPU
		{8D32FC68-2C63-4AAB-9571-78CDBCC47684}.Debug|iPhoneSimulator.ActiveCfg = Debug|Any CPU
		{8D32FC68-2C63-4AAB-9571-78CDBCC47684}.Debug|iPhoneSimulator.Build.0 = Debug|Any CPU
		{8D32FC68-2C63-4AAB-9571-78CDBCC47684}.Debug|iPhoneSimulator.Deploy.0 = Debug|Any CPU
		{8D32FC68-2C63-4AAB-9571-78CDBCC47684}.Debug|x64.ActiveCfg = Debug|Any CPU
		{8D32FC68-2C63-4AAB-9571-78CDBCC47684}.Debug|x64.Build.0 = Debug|Any CPU
		{8D32FC68-2C63-4AAB-9571-78CDBCC47684}.Debug|x64.Deploy.0 = Debug|Any CPU
		{8D32FC68-2C63-4AAB-9571-78CDBCC47684}.Debug|x86.ActiveCfg = Debug|Any CPU
		{8D32FC68-2C63-4AAB-9571-78CDBCC47684}.Debug|x86.Build.0 = Debug|Any CPU
		{8D32FC68-2C63-4AAB-9571-78CDBCC47684}.Debug|x86.Deploy.0 = Debug|Any CPU
		{8D32FC68-2C63-4AAB-9571-78CDBCC47684}.Release|Any CPU.ActiveCfg = Release|Any CPU
		{8D32FC68-2C63-4AAB-9571-78CDBCC47684}.Release|Any CPU.Build.0 = Release|Any CPU
		{8D32FC68-2C63-4AAB-9571-78CDBCC47684}.Release|Any CPU.Deploy.0 = Release|Any CPU
		{8D32FC68-2C63-4AAB-9571-78CDBCC47684}.Release|ARM.ActiveCfg = Release|Any CPU
		{8D32FC68-2C63-4AAB-9571-78CDBCC47684}.Release|ARM.Build.0 = Release|Any CPU
		{8D32FC68-2C63-4AAB-9571-78CDBCC47684}.Release|ARM.Deploy.0 = Release|Any CPU
		{8D32FC68-2C63-4AAB-9571-78CDBCC47684}.Release|iPhone.ActiveCfg = Release|Any CPU
		{8D32FC68-2C63-4AAB-9571-78CDBCC47684}.Release|iPhone.Build.0 = Release|Any CPU
		{8D32FC68-2C63-4AAB-9571-78CDBCC47684}.Release|iPhone.Deploy.0 = Release|Any CPU
		{8D32FC68-2C63-4AAB-9571-78CDBCC47684}.Release|iPhoneSimulator.ActiveCfg = Release|Any CPU
		{8D32FC68-2C63-4AAB-9571-78CDBCC47684}.Release|iPhoneSimulator.Build.0 = Release|Any CPU
		{8D32FC68-2C63-4AAB-9571-78CDBCC47684}.Release|iPhoneSimulator.Deploy.0 = Release|Any CPU
		{8D32FC68-2C63-4AAB-9571-78CDBCC47684}.Release|x64.ActiveCfg = Release|Any CPU
		{8D32FC68-2C63-4AAB-9571-78CDBCC47684}.Release|x64.Build.0 = Release|Any CPU
		{8D32FC68-2C63-4AAB-9571-78CDBCC47684}.Release|x64.Deploy.0 = Release|Any CPU
		{8D32FC68-2C63-4AAB-9571-78CDBCC47684}.Release|x86.ActiveCfg = Release|Any CPU
		{8D32FC68-2C63-4AAB-9571-78CDBCC47684}.Release|x86.Build.0 = Release|Any CPU
		{8D32FC68-2C63-4AAB-9571-78CDBCC47684}.Release|x86.Deploy.0 = Release|Any CPU
		{AD5E1792-8CA9-49CC-B303-42948FD945F5}.Ad-Hoc|Any CPU.ActiveCfg = Ad-Hoc|iPhone
		{AD5E1792-8CA9-49CC-B303-42948FD945F5}.Ad-Hoc|ARM.ActiveCfg = Ad-Hoc|iPhone
		{AD5E1792-8CA9-49CC-B303-42948FD945F5}.Ad-Hoc|iPhone.ActiveCfg = Ad-Hoc|iPhone
		{AD5E1792-8CA9-49CC-B303-42948FD945F5}.Ad-Hoc|iPhone.Build.0 = Ad-Hoc|iPhone
		{AD5E1792-8CA9-49CC-B303-42948FD945F5}.Ad-Hoc|iPhoneSimulator.ActiveCfg = Ad-Hoc|iPhoneSimulator
		{AD5E1792-8CA9-49CC-B303-42948FD945F5}.Ad-Hoc|iPhoneSimulator.Build.0 = Ad-Hoc|iPhoneSimulator
		{AD5E1792-8CA9-49CC-B303-42948FD945F5}.Ad-Hoc|x64.ActiveCfg = Ad-Hoc|iPhone
		{AD5E1792-8CA9-49CC-B303-42948FD945F5}.Ad-Hoc|x86.ActiveCfg = Ad-Hoc|iPhone
		{AD5E1792-8CA9-49CC-B303-42948FD945F5}.AppStore|Any CPU.ActiveCfg = AppStore|iPhone
		{AD5E1792-8CA9-49CC-B303-42948FD945F5}.AppStore|ARM.ActiveCfg = AppStore|iPhone
		{AD5E1792-8CA9-49CC-B303-42948FD945F5}.AppStore|iPhone.ActiveCfg = AppStore|iPhone
		{AD5E1792-8CA9-49CC-B303-42948FD945F5}.AppStore|iPhone.Build.0 = AppStore|iPhone
		{AD5E1792-8CA9-49CC-B303-42948FD945F5}.AppStore|iPhoneSimulator.ActiveCfg = AppStore|iPhoneSimulator
		{AD5E1792-8CA9-49CC-B303-42948FD945F5}.AppStore|iPhoneSimulator.Build.0 = AppStore|iPhoneSimulator
		{AD5E1792-8CA9-49CC-B303-42948FD945F5}.AppStore|x64.ActiveCfg = AppStore|iPhone
		{AD5E1792-8CA9-49CC-B303-42948FD945F5}.AppStore|x86.ActiveCfg = AppStore|iPhone
		{AD5E1792-8CA9-49CC-B303-42948FD945F5}.Debug|Any CPU.ActiveCfg = Debug|iPhone
		{AD5E1792-8CA9-49CC-B303-42948FD945F5}.Debug|ARM.ActiveCfg = Debug|iPhone
		{AD5E1792-8CA9-49CC-B303-42948FD945F5}.Debug|iPhone.ActiveCfg = Debug|iPhone
		{AD5E1792-8CA9-49CC-B303-42948FD945F5}.Debug|iPhone.Build.0 = Debug|iPhone
		{AD5E1792-8CA9-49CC-B303-42948FD945F5}.Debug|iPhoneSimulator.ActiveCfg = Debug|iPhoneSimulator
		{AD5E1792-8CA9-49CC-B303-42948FD945F5}.Debug|iPhoneSimulator.Build.0 = Debug|iPhoneSimulator
		{AD5E1792-8CA9-49CC-B303-42948FD945F5}.Debug|x64.ActiveCfg = Debug|iPhone
		{AD5E1792-8CA9-49CC-B303-42948FD945F5}.Debug|x86.ActiveCfg = Debug|iPhone
		{AD5E1792-8CA9-49CC-B303-42948FD945F5}.Release|Any CPU.ActiveCfg = Release|iPhone
		{AD5E1792-8CA9-49CC-B303-42948FD945F5}.Release|ARM.ActiveCfg = Release|iPhone
		{AD5E1792-8CA9-49CC-B303-42948FD945F5}.Release|iPhone.ActiveCfg = Release|iPhone
		{AD5E1792-8CA9-49CC-B303-42948FD945F5}.Release|iPhone.Build.0 = Release|iPhone
		{AD5E1792-8CA9-49CC-B303-42948FD945F5}.Release|iPhoneSimulator.ActiveCfg = Release|iPhoneSimulator
		{AD5E1792-8CA9-49CC-B303-42948FD945F5}.Release|iPhoneSimulator.Build.0 = Release|iPhoneSimulator
		{AD5E1792-8CA9-49CC-B303-42948FD945F5}.Release|x64.ActiveCfg = Release|iPhone
		{AD5E1792-8CA9-49CC-B303-42948FD945F5}.Release|x86.ActiveCfg = Release|iPhone
		{6082129F-E28F-41DB-A503-11FF6793E885}.Ad-Hoc|Any CPU.ActiveCfg = Release|x86
		{6082129F-E28F-41DB-A503-11FF6793E885}.Ad-Hoc|Any CPU.Build.0 = Release|x86
		{6082129F-E28F-41DB-A503-11FF6793E885}.Ad-Hoc|Any CPU.Deploy.0 = Release|x86
		{6082129F-E28F-41DB-A503-11FF6793E885}.Ad-Hoc|ARM.ActiveCfg = Release|ARM
		{6082129F-E28F-41DB-A503-11FF6793E885}.Ad-Hoc|ARM.Build.0 = Release|ARM
		{6082129F-E28F-41DB-A503-11FF6793E885}.Ad-Hoc|ARM.Deploy.0 = Release|ARM
		{6082129F-E28F-41DB-A503-11FF6793E885}.Ad-Hoc|iPhone.ActiveCfg = Release|x86
		{6082129F-E28F-41DB-A503-11FF6793E885}.Ad-Hoc|iPhone.Build.0 = Release|x86
		{6082129F-E28F-41DB-A503-11FF6793E885}.Ad-Hoc|iPhone.Deploy.0 = Release|x86
		{6082129F-E28F-41DB-A503-11FF6793E885}.Ad-Hoc|iPhoneSimulator.ActiveCfg = Release|x86
		{6082129F-E28F-41DB-A503-11FF6793E885}.Ad-Hoc|iPhoneSimulator.Build.0 = Release|x86
		{6082129F-E28F-41DB-A503-11FF6793E885}.Ad-Hoc|iPhoneSimulator.Deploy.0 = Release|x86
		{6082129F-E28F-41DB-A503-11FF6793E885}.Ad-Hoc|x64.ActiveCfg = Release|x64
		{6082129F-E28F-41DB-A503-11FF6793E885}.Ad-Hoc|x64.Build.0 = Release|x64
		{6082129F-E28F-41DB-A503-11FF6793E885}.Ad-Hoc|x64.Deploy.0 = Release|x64
		{6082129F-E28F-41DB-A503-11FF6793E885}.Ad-Hoc|x86.ActiveCfg = Release|x86
		{6082129F-E28F-41DB-A503-11FF6793E885}.Ad-Hoc|x86.Build.0 = Release|x86
		{6082129F-E28F-41DB-A503-11FF6793E885}.Ad-Hoc|x86.Deploy.0 = Release|x86
		{6082129F-E28F-41DB-A503-11FF6793E885}.AppStore|Any CPU.ActiveCfg = Release|x86
		{6082129F-E28F-41DB-A503-11FF6793E885}.AppStore|Any CPU.Build.0 = Release|x86
		{6082129F-E28F-41DB-A503-11FF6793E885}.AppStore|Any CPU.Deploy.0 = Release|x86
		{6082129F-E28F-41DB-A503-11FF6793E885}.AppStore|ARM.ActiveCfg = Release|ARM
		{6082129F-E28F-41DB-A503-11FF6793E885}.AppStore|ARM.Build.0 = Release|ARM
		{6082129F-E28F-41DB-A503-11FF6793E885}.AppStore|ARM.Deploy.0 = Release|ARM
		{6082129F-E28F-41DB-A503-11FF6793E885}.AppStore|iPhone.ActiveCfg = Release|x86
		{6082129F-E28F-41DB-A503-11FF6793E885}.AppStore|iPhone.Build.0 = Release|x86
		{6082129F-E28F-41DB-A503-11FF6793E885}.AppStore|iPhone.Deploy.0 = Release|x86
		{6082129F-E28F-41DB-A503-11FF6793E885}.AppStore|iPhoneSimulator.ActiveCfg = Release|x86
		{6082129F-E28F-41DB-A503-11FF6793E885}.AppStore|iPhoneSimulator.Build.0 = Release|x86
		{6082129F-E28F-41DB-A503-11FF6793E885}.AppStore|iPhoneSimulator.Deploy.0 = Release|x86
		{6082129F-E28F-41DB-A503-11FF6793E885}.AppStore|x64.ActiveCfg = Release|x64
		{6082129F-E28F-41DB-A503-11FF6793E885}.AppStore|x64.Build.0 = Release|x64
		{6082129F-E28F-41DB-A503-11FF6793E885}.AppStore|x64.Deploy.0 = Release|x64
		{6082129F-E28F-41DB-A503-11FF6793E885}.AppStore|x86.ActiveCfg = Release|x86
		{6082129F-E28F-41DB-A503-11FF6793E885}.AppStore|x86.Build.0 = Release|x86
		{6082129F-E28F-41DB-A503-11FF6793E885}.AppStore|x86.Deploy.0 = Release|x86
		{6082129F-E28F-41DB-A503-11FF6793E885}.Debug|Any CPU.ActiveCfg = Debug|x86
		{6082129F-E28F-41DB-A503-11FF6793E885}.Debug|ARM.ActiveCfg = Debug|ARM
		{6082129F-E28F-41DB-A503-11FF6793E885}.Debug|ARM.Build.0 = Debug|ARM
		{6082129F-E28F-41DB-A503-11FF6793E885}.Debug|ARM.Deploy.0 = Debug|ARM
		{6082129F-E28F-41DB-A503-11FF6793E885}.Debug|iPhone.ActiveCfg = Debug|x86
		{6082129F-E28F-41DB-A503-11FF6793E885}.Debug|iPhoneSimulator.ActiveCfg = Debug|x86
		{6082129F-E28F-41DB-A503-11FF6793E885}.Debug|x64.ActiveCfg = Debug|x64
		{6082129F-E28F-41DB-A503-11FF6793E885}.Debug|x64.Build.0 = Debug|x64
		{6082129F-E28F-41DB-A503-11FF6793E885}.Debug|x64.Deploy.0 = Debug|x64
		{6082129F-E28F-41DB-A503-11FF6793E885}.Debug|x86.ActiveCfg = Debug|x86
		{6082129F-E28F-41DB-A503-11FF6793E885}.Debug|x86.Build.0 = Debug|x86
		{6082129F-E28F-41DB-A503-11FF6793E885}.Debug|x86.Deploy.0 = Debug|x86
		{6082129F-E28F-41DB-A503-11FF6793E885}.Release|Any CPU.ActiveCfg = Release|x86
		{6082129F-E28F-41DB-A503-11FF6793E885}.Release|ARM.ActiveCfg = Release|ARM
		{6082129F-E28F-41DB-A503-11FF6793E885}.Release|ARM.Build.0 = Release|ARM
		{6082129F-E28F-41DB-A503-11FF6793E885}.Release|ARM.Deploy.0 = Release|ARM
		{6082129F-E28F-41DB-A503-11FF6793E885}.Release|iPhone.ActiveCfg = Release|x86
		{6082129F-E28F-41DB-A503-11FF6793E885}.Release|iPhoneSimulator.ActiveCfg = Release|x86
		{6082129F-E28F-41DB-A503-11FF6793E885}.Release|x64.ActiveCfg = Release|x64
		{6082129F-E28F-41DB-A503-11FF6793E885}.Release|x64.Build.0 = Release|x64
		{6082129F-E28F-41DB-A503-11FF6793E885}.Release|x64.Deploy.0 = Release|x64
		{6082129F-E28F-41DB-A503-11FF6793E885}.Release|x86.ActiveCfg = Release|x86
		{6082129F-E28F-41DB-A503-11FF6793E885}.Release|x86.Build.0 = Release|x86
		{6082129F-E28F-41DB-A503-11FF6793E885}.Release|x86.Deploy.0 = Release|x86
		{AE9284EB-E8D6-42B2-BD10-5053C43738F1}.Ad-Hoc|Any CPU.ActiveCfg = Debug|Any CPU
		{AE9284EB-E8D6-42B2-BD10-5053C43738F1}.Ad-Hoc|Any CPU.Build.0 = Debug|Any CPU
		{AE9284EB-E8D6-42B2-BD10-5053C43738F1}.Ad-Hoc|ARM.ActiveCfg = Debug|Any CPU
		{AE9284EB-E8D6-42B2-BD10-5053C43738F1}.Ad-Hoc|ARM.Build.0 = Debug|Any CPU
		{AE9284EB-E8D6-42B2-BD10-5053C43738F1}.Ad-Hoc|iPhone.ActiveCfg = Debug|Any CPU
		{AE9284EB-E8D6-42B2-BD10-5053C43738F1}.Ad-Hoc|iPhone.Build.0 = Debug|Any CPU
		{AE9284EB-E8D6-42B2-BD10-5053C43738F1}.Ad-Hoc|iPhoneSimulator.ActiveCfg = Debug|Any CPU
		{AE9284EB-E8D6-42B2-BD10-5053C43738F1}.Ad-Hoc|iPhoneSimulator.Build.0 = Debug|Any CPU
		{AE9284EB-E8D6-42B2-BD10-5053C43738F1}.Ad-Hoc|x64.ActiveCfg = Debug|Any CPU
		{AE9284EB-E8D6-42B2-BD10-5053C43738F1}.Ad-Hoc|x64.Build.0 = Debug|Any CPU
		{AE9284EB-E8D6-42B2-BD10-5053C43738F1}.Ad-Hoc|x86.ActiveCfg = Debug|Any CPU
		{AE9284EB-E8D6-42B2-BD10-5053C43738F1}.Ad-Hoc|x86.Build.0 = Debug|Any CPU
		{AE9284EB-E8D6-42B2-BD10-5053C43738F1}.AppStore|Any CPU.ActiveCfg = Debug|Any CPU
		{AE9284EB-E8D6-42B2-BD10-5053C43738F1}.AppStore|Any CPU.Build.0 = Debug|Any CPU
		{AE9284EB-E8D6-42B2-BD10-5053C43738F1}.AppStore|ARM.ActiveCfg = Debug|Any CPU
		{AE9284EB-E8D6-42B2-BD10-5053C43738F1}.AppStore|ARM.Build.0 = Debug|Any CPU
		{AE9284EB-E8D6-42B2-BD10-5053C43738F1}.AppStore|iPhone.ActiveCfg = Debug|Any CPU
		{AE9284EB-E8D6-42B2-BD10-5053C43738F1}.AppStore|iPhone.Build.0 = Debug|Any CPU
		{AE9284EB-E8D6-42B2-BD10-5053C43738F1}.AppStore|iPhoneSimulator.ActiveCfg = Debug|Any CPU
		{AE9284EB-E8D6-42B2-BD10-5053C43738F1}.AppStore|iPhoneSimulator.Build.0 = Debug|Any CPU
		{AE9284EB-E8D6-42B2-BD10-5053C43738F1}.AppStore|x64.ActiveCfg = Debug|Any CPU
		{AE9284EB-E8D6-42B2-BD10-5053C43738F1}.AppStore|x64.Build.0 = Debug|Any CPU
		{AE9284EB-E8D6-42B2-BD10-5053C43738F1}.AppStore|x86.ActiveCfg = Debug|Any CPU
		{AE9284EB-E8D6-42B2-BD10-5053C43738F1}.AppStore|x86.Build.0 = Debug|Any CPU
		{AE9284EB-E8D6-42B2-BD10-5053C43738F1}.Debug|Any CPU.ActiveCfg = Debug|Any CPU
		{AE9284EB-E8D6-42B2-BD10-5053C43738F1}.Debug|Any CPU.Build.0 = Debug|Any CPU
		{AE9284EB-E8D6-42B2-BD10-5053C43738F1}.Debug|ARM.ActiveCfg = Debug|Any CPU
		{AE9284EB-E8D6-42B2-BD10-5053C43738F1}.Debug|ARM.Build.0 = Debug|Any CPU
		{AE9284EB-E8D6-42B2-BD10-5053C43738F1}.Debug|iPhone.ActiveCfg = Debug|Any CPU
		{AE9284EB-E8D6-42B2-BD10-5053C43738F1}.Debug|iPhone.Build.0 = Debug|Any CPU
		{AE9284EB-E8D6-42B2-BD10-5053C43738F1}.Debug|iPhoneSimulator.ActiveCfg = Debug|Any CPU
		{AE9284EB-E8D6-42B2-BD10-5053C43738F1}.Debug|iPhoneSimulator.Build.0 = Debug|Any CPU
		{AE9284EB-E8D6-42B2-BD10-5053C43738F1}.Debug|x64.ActiveCfg = Debug|Any CPU
		{AE9284EB-E8D6-42B2-BD10-5053C43738F1}.Debug|x64.Build.0 = Debug|Any CPU
		{AE9284EB-E8D6-42B2-BD10-5053C43738F1}.Debug|x86.ActiveCfg = Debug|Any CPU
		{AE9284EB-E8D6-42B2-BD10-5053C43738F1}.Debug|x86.Build.0 = Debug|Any CPU
		{AE9284EB-E8D6-42B2-BD10-5053C43738F1}.Release|Any CPU.ActiveCfg = Release|Any CPU
		{AE9284EB-E8D6-42B2-BD10-5053C43738F1}.Release|Any CPU.Build.0 = Release|Any CPU
		{AE9284EB-E8D6-42B2-BD10-5053C43738F1}.Release|ARM.ActiveCfg = Release|Any CPU
		{AE9284EB-E8D6-42B2-BD10-5053C43738F1}.Release|ARM.Build.0 = Release|Any CPU
		{AE9284EB-E8D6-42B2-BD10-5053C43738F1}.Release|iPhone.ActiveCfg = Release|Any CPU
		{AE9284EB-E8D6-42B2-BD10-5053C43738F1}.Release|iPhone.Build.0 = Release|Any CPU
		{AE9284EB-E8D6-42B2-BD10-5053C43738F1}.Release|iPhoneSimulator.ActiveCfg = Release|Any CPU
		{AE9284EB-E8D6-42B2-BD10-5053C43738F1}.Release|iPhoneSimulator.Build.0 = Release|Any CPU
		{AE9284EB-E8D6-42B2-BD10-5053C43738F1}.Release|x64.ActiveCfg = Release|Any CPU
		{AE9284EB-E8D6-42B2-BD10-5053C43738F1}.Release|x64.Build.0 = Release|Any CPU
		{AE9284EB-E8D6-42B2-BD10-5053C43738F1}.Release|x86.ActiveCfg = Release|Any CPU
		{AE9284EB-E8D6-42B2-BD10-5053C43738F1}.Release|x86.Build.0 = Release|Any CPU
	EndGlobalSection
	GlobalSection(SolutionProperties) = preSolution
		HideSolutionNode = FALSE
	EndGlobalSection
	GlobalSection(ExtensibilityGlobals) = postSolution
		SolutionGuid = {21049FA9-E65A-467F-BB6A-329FAC7E62C8}
	EndGlobalSection
EndGlobal
